
Microsoft Visual Studio Solution File, Format Version 12.00
# Visual Studio Version 16
VisualStudioVersion = 16.0.810.6
MinimumVisualStudioVersion = 10.0.40219.1
Project("{FAE04EC0-301F-11D3-BF4B-00C04F79EFBC}") = "CmnSoftwareBackend.API", "CmnSoftwareBackend.API\CmnSoftwareBackend.API.csproj", "{EDB14466-8A66-4806-BB01-DE5A9EB49919}"
EndProject
Project("{FAE04EC0-301F-11D3-BF4B-00C04F79EFBC}") = "CmnSoftwareBackend.Shared", "CmnSoftwareBackend.Shared\CmnSoftwareBackend.Shared.csproj", "{FA33BACE-2B50-49F3-99EE-0FA2ADD9667D}"
EndProject
Project("{FAE04EC0-301F-11D3-BF4B-00C04F79EFBC}") = "CmnSoftwareBackend.Data", "CmnSoftwareBackend.Data\CmnSoftwareBackend.Data.csproj", "{7519CDE8-671A-4733-A5FD-6D6CDED15D24}"
EndProject
Project("{FAE04EC0-301F-11D3-BF4B-00C04F79EFBC}") = "CmnSoftwareBackend.Entities", "CmnSoftwareBackend.Entities\CmnSoftwareBackend.Entities.csproj", "{DFB6E6D6-5375-4AD1-9B62-77795B09D89C}"
EndProject
Project("{FAE04EC0-301F-11D3-BF4B-00C04F79EFBC}") = "CmnSoftwareBackend.Services", "CmnSoftwareBackend.Services\CmnSoftwareBackend.Services.csproj", "{60776979-0454-4BC2-A9C8-158E8D85D9BF}"
EndProject
Global
	GlobalSection(SolutionConfigurationPlatforms) = preSolution
		Debug|Any CPU = Debug|Any CPU
		Release|Any CPU = Release|Any CPU
	EndGlobalSection
	GlobalSection(ProjectConfigurationPlatforms) = postSolution
		{EDB14466-8A66-4806-BB01-DE5A9EB49919}.Debug|Any CPU.ActiveCfg = Debug|Any CPU
		{EDB14466-8A66-4806-BB01-DE5A9EB49919}.Debug|Any CPU.Build.0 = Debug|Any CPU
		{EDB14466-8A66-4806-BB01-DE5A9EB49919}.Release|Any CPU.ActiveCfg = Release|Any CPU
		{EDB14466-8A66-4806-BB01-DE5A9EB49919}.Release|Any CPU.Build.0 = Release|Any CPU
		{FA33BACE-2B50-49F3-99EE-0FA2ADD9667D}.Debug|Any CPU.ActiveCfg = Debug|Any CPU
		{FA33BACE-2B50-49F3-99EE-0FA2ADD9667D}.Debug|Any CPU.Build.0 = Debug|Any CPU
		{FA33BACE-2B50-49F3-99EE-0FA2ADD9667D}.Release|Any CPU.ActiveCfg = Release|Any CPU
		{FA33BACE-2B50-49F3-99EE-0FA2ADD9667D}.Release|Any CPU.Build.0 = Release|Any CPU
		{7519CDE8-671A-4733-A5FD-6D6CDED15D24}.Debug|Any CPU.ActiveCfg = Debug|Any CPU
		{7519CDE8-671A-4733-A5FD-6D6CDED15D24}.Debug|Any CPU.Build.0 = Debug|Any CPU
		{7519CDE8-671A-4733-A5FD-6D6CDED15D24}.Release|Any CPU.ActiveCfg = Release|Any CPU
		{7519CDE8-671A-4733-A5FD-6D6CDED15D24}.Release|Any CPU.Build.0 = Release|Any CPU
		{DFB6E6D6-5375-4AD1-9B62-77795B09D89C}.Debug|Any CPU.ActiveCfg = Debug|Any CPU
		{DFB6E6D6-5375-4AD1-9B62-77795B09D89C}.Debug|Any CPU.Build.0 = Debug|Any CPU
		{DFB6E6D6-5375-4AD1-9B62-77795B09D89C}.Release|Any CPU.ActiveCfg = Release|Any CPU
		{DFB6E6D6-5375-4AD1-9B62-77795B09D89C}.Release|Any CPU.Build.0 = Release|Any CPU
		{60776979-0454-4BC2-A9C8-158E8D85D9BF}.Debug|Any CPU.ActiveCfg = Debug|Any CPU
		{60776979-0454-4BC2-A9C8-158E8D85D9BF}.Debug|Any CPU.Build.0 = Debug|Any CPU
		{60776979-0454-4BC2-A9C8-158E8D85D9BF}.Release|Any CPU.ActiveCfg = Release|Any CPU
		{60776979-0454-4BC2-A9C8-158E8D85D9BF}.Release|Any CPU.Build.0 = Release|Any CPU
	EndGlobalSection
	GlobalSection(SolutionProperties) = preSolution
		HideSolutionNode = FALSE
	EndGlobalSection
	GlobalSection(ExtensibilityGlobals) = postSolution
		SolutionGuid = {54A76691-806B-49F1-B638-A286F08434AB}
	EndGlobalSection
EndGlobal
